
Microsoft Visual Studio Solution File, Format Version 12.00
# Visual Studio Version 16
VisualStudioVersion = 16.0.31702.278
MinimumVisualStudioVersion = 10.0.40219.1
Project("{FAE04EC0-301F-11D3-BF4B-00C04F79EFBC}") = "atvquevale3", "atvquevale3\atvquevale3.csproj", "{A2957561-B1B5-4705-BFA5-C7CD1914A805}"
EndProject
Global
	GlobalSection(SolutionConfigurationPlatforms) = preSolution
		Debug|Any CPU = Debug|Any CPU
		Release|Any CPU = Release|Any CPU
	EndGlobalSection
	GlobalSection(ProjectConfigurationPlatforms) = postSolution
		{A2957561-B1B5-4705-BFA5-C7CD1914A805}.Debug|Any CPU.ActiveCfg = Debug|Any CPU
		{A2957561-B1B5-4705-BFA5-C7CD1914A805}.Debug|Any CPU.Build.0 = Debug|Any CPU
		{A2957561-B1B5-4705-BFA5-C7CD1914A805}.Release|Any CPU.ActiveCfg = Release|Any CPU
		{A2957561-B1B5-4705-BFA5-C7CD1914A805}.Release|Any CPU.Build.0 = Release|Any CPU
	EndGlobalSection
	GlobalSection(SolutionProperties) = preSolution
		HideSolutionNode = FALSE
	EndGlobalSection
	GlobalSection(ExtensibilityGlobals) = postSolution
		SolutionGuid = {BBF9B071-821D-48D6-AD67-E07F8B405A77}
	EndGlobalSection
EndGlobal
